{
  "name": "@lp/app",
  "version": "1.0.0",
  "lockfileVersion": 1,
  "requires": true,
  "dependencies": {
    "@babel/helper-plugin-utils": {
      "version": "7.0.0",
      "resolved": "https://registry.npmjs.org/@babel/helper-plugin-utils/-/helper-plugin-utils-7.0.0.tgz",
      "integrity": "sha512-CYAOUCARwExnEixLdB6sDm2dIJ/YgEAKDM1MOeMeZu9Ld/bDgVo8aiWrXwcY7OBh+1Ea2uUcVRcxKk0GJvW7QA==",
      "dev": true
    },
    "@babel/plugin-syntax-typescript": {
      "version": "7.3.3",
      "resolved": "https://registry.npmjs.org/@babel/plugin-syntax-typescript/-/plugin-syntax-typescript-7.3.3.tgz",
      "integrity": "sha512-dGwbSMA1YhVS8+31CnPR7LB4pcbrzcV99wQzby4uAfrkZPYZlQ7ImwdpzLqi6Z6IL02b8IAL379CaMwo0x5Lag==",
      "dev": true,
      "requires": {
        "@babel/helper-plugin-utils": "^7.0.0"
      }
    },
    "@babel/plugin-transform-typescript": {
      "version": "7.4.4",
      "resolved": "https://registry.npmjs.org/@babel/plugin-transform-typescript/-/plugin-transform-typescript-7.4.4.tgz",
      "integrity": "sha512-rwDvjaMTx09WC0rXGBRlYSSkEHOKRrecY6hEr3SVIPKII8DVWXtapNAfAyMC0dovuO+zYArcAuKeu3q9DNRfzA==",
      "dev": true,
      "requires": {
        "@babel/helper-plugin-utils": "^7.0.0",
        "@babel/plugin-syntax-typescript": "^7.2.0"
      }
    },
    "@babel/preset-typescript": {
      "version": "7.3.3",
      "resolved": "https://registry.npmjs.org/@babel/preset-typescript/-/preset-typescript-7.3.3.tgz",
      "integrity": "sha512-mzMVuIP4lqtn4du2ynEfdO0+RYcslwrZiJHXu4MGaC1ctJiW2fyaeDrtjJGs7R/KebZ1sgowcIoWf4uRpEfKEg==",
      "dev": true,
      "requires": {
        "@babel/helper-plugin-utils": "^7.0.0",
        "@babel/plugin-transform-typescript": "^7.3.2"
      }
    },
    "@zeit/next-typescript": {
      "version": "1.1.1",
      "resolved": "https://registry.npmjs.org/@zeit/next-typescript/-/next-typescript-1.1.1.tgz",
      "integrity": "sha512-EUcHCASftz1Bc80djkf3cKJrFgvFQyODOH1kty7ShVLLdXMaZpRLj+z7RxrCoNo1bP06w0vtXEDU0cKa0HmGgg==",
      "dev": true,
      "requires": {
        "@babel/preset-typescript": "^7.0.0"
      }
    },
    "next-compose-plugins": {
      "version": "2.2.0",
      "resolved": "https://registry.npmjs.org/next-compose-plugins/-/next-compose-plugins-2.2.0.tgz",
      "integrity": "sha512-ChUlpT9tWfJ7YxqGw/WQ2T1gf8EeX93n1XqeQw0lkvGa7seszahvF4eOZUJoq7Hetsbzg4UHVnPoCXfXTyQR3g==",
      "dev": true
    }
  }
}
